
Microsoft Visual Studio Solution File, Format Version 12.00
# Visual Studio 15
Project("{FAE04EC0-301F-11D3-BF4B-00C04F79EFBC}") = "Assembly-CSharp", "Assembly-CSharp.csproj", "{0E2B0790-9385-A5BE-6D12-10A8E1EEC945}"
EndProject
Project("{FAE04EC0-301F-11D3-BF4B-00C04F79EFBC}") = "Assembly-CSharp-Editor", "Assembly-CSharp-Editor.csproj", "{773C5B5F-38A1-D0FB-E3F4-4406231EBB7E}"
EndProject
Global
	GlobalSection(SolutionConfigurationPlatforms) = preSolution
		Debug|Any CPU = Debug|Any CPU
		Release|Any CPU = Release|Any CPU
	EndGlobalSection
	GlobalSection(ProjectConfigurationPlatforms) = postSolution
		{0E2B0790-9385-A5BE-6D12-10A8E1EEC945}.Debug|Any CPU.ActiveCfg = Debug|Any CPU
		{0E2B0790-9385-A5BE-6D12-10A8E1EEC945}.Debug|Any CPU.Build.0 = Debug|Any CPU
		{0E2B0790-9385-A5BE-6D12-10A8E1EEC945}.Release|Any CPU.ActiveCfg = Release|Any CPU
		{0E2B0790-9385-A5BE-6D12-10A8E1EEC945}.Release|Any CPU.Build.0 = Release|Any CPU
		{773C5B5F-38A1-D0FB-E3F4-4406231EBB7E}.Debug|Any CPU.ActiveCfg = Debug|Any CPU
		{773C5B5F-38A1-D0FB-E3F4-4406231EBB7E}.Debug|Any CPU.Build.0 = Debug|Any CPU
		{773C5B5F-38A1-D0FB-E3F4-4406231EBB7E}.Release|Any CPU.ActiveCfg = Release|Any CPU
		{773C5B5F-38A1-D0FB-E3F4-4406231EBB7E}.Release|Any CPU.Build.0 = Release|Any CPU
	EndGlobalSection
	GlobalSection(SolutionProperties) = preSolution
		HideSolutionNode = FALSE
	EndGlobalSection
EndGlobal
